
Microsoft Visual Studio Solution File, Format Version 12.00
# Visual Studio Version 17
VisualStudioVersion = 17.5.33414.496
MinimumVisualStudioVersion = 10.0.40219.1
Project("{FAE04EC0-301F-11D3-BF4B-00C04F79EFBC}") = "Api.WebApi", "Api.WebApi\Api.WebApi.csproj", "{CB44D260-4D32-48B0-B28C-8D67FEAB4712}"
EndProject
Project("{FAE04EC0-301F-11D3-BF4B-00C04F79EFBC}") = "Api.Dal", "Api.Dal\Api.Dal.csproj", "{DFB269A2-8267-47C3-BEE5-244D29526547}"
EndProject
Project("{FAE04EC0-301F-11D3-BF4B-00C04F79EFBC}") = "Api.Domain", "Api.Domain\Api.Domain.csproj", "{56D08DEF-BE98-41C3-A502-D2FDFBD00DD3}"
EndProject
Project("{FAE04EC0-301F-11D3-BF4B-00C04F79EFBC}") = "Api.Application", "Api.Application\Api.Application.csproj", "{6A118233-B979-4BB6-9F59-630DD182544F}"
EndProject
Project("{FAE04EC0-301F-11D3-BF4B-00C04F79EFBC}") = "Api.Infrastructure", "Api.Infrastructure\Api.Infrastructure.csproj", "{8EE67841-DB28-405C-B81E-02AFDB6C6A75}"
EndProject
Global
	GlobalSection(SolutionConfigurationPlatforms) = preSolution
		Debug|Any CPU = Debug|Any CPU
		Release|Any CPU = Release|Any CPU
	EndGlobalSection
	GlobalSection(ProjectConfigurationPlatforms) = postSolution
		{CB44D260-4D32-48B0-B28C-8D67FEAB4712}.Debug|Any CPU.ActiveCfg = Debug|Any CPU
		{CB44D260-4D32-48B0-B28C-8D67FEAB4712}.Debug|Any CPU.Build.0 = Debug|Any CPU
		{CB44D260-4D32-48B0-B28C-8D67FEAB4712}.Release|Any CPU.ActiveCfg = Release|Any CPU
		{CB44D260-4D32-48B0-B28C-8D67FEAB4712}.Release|Any CPU.Build.0 = Release|Any CPU
		{DFB269A2-8267-47C3-BEE5-244D29526547}.Debug|Any CPU.ActiveCfg = Debug|Any CPU
		{DFB269A2-8267-47C3-BEE5-244D29526547}.Debug|Any CPU.Build.0 = Debug|Any CPU
		{DFB269A2-8267-47C3-BEE5-244D29526547}.Release|Any CPU.ActiveCfg = Release|Any CPU
		{DFB269A2-8267-47C3-BEE5-244D29526547}.Release|Any CPU.Build.0 = Release|Any CPU
		{56D08DEF-BE98-41C3-A502-D2FDFBD00DD3}.Debug|Any CPU.ActiveCfg = Debug|Any CPU
		{56D08DEF-BE98-41C3-A502-D2FDFBD00DD3}.Debug|Any CPU.Build.0 = Debug|Any CPU
		{56D08DEF-BE98-41C3-A502-D2FDFBD00DD3}.Release|Any CPU.ActiveCfg = Release|Any CPU
		{56D08DEF-BE98-41C3-A502-D2FDFBD00DD3}.Release|Any CPU.Build.0 = Release|Any CPU
		{6A118233-B979-4BB6-9F59-630DD182544F}.Debug|Any CPU.ActiveCfg = Debug|Any CPU
		{6A118233-B979-4BB6-9F59-630DD182544F}.Debug|Any CPU.Build.0 = Debug|Any CPU
		{6A118233-B979-4BB6-9F59-630DD182544F}.Release|Any CPU.ActiveCfg = Release|Any CPU
		{6A118233-B979-4BB6-9F59-630DD182544F}.Release|Any CPU.Build.0 = Release|Any CPU
		{8EE67841-DB28-405C-B81E-02AFDB6C6A75}.Debug|Any CPU.ActiveCfg = Debug|Any CPU
		{8EE67841-DB28-405C-B81E-02AFDB6C6A75}.Debug|Any CPU.Build.0 = Debug|Any CPU
		{8EE67841-DB28-405C-B81E-02AFDB6C6A75}.Release|Any CPU.ActiveCfg = Release|Any CPU
		{8EE67841-DB28-405C-B81E-02AFDB6C6A75}.Release|Any CPU.Build.0 = Release|Any CPU
	EndGlobalSection
	GlobalSection(SolutionProperties) = preSolution
		HideSolutionNode = FALSE
	EndGlobalSection
	GlobalSection(ExtensibilityGlobals) = postSolution
		SolutionGuid = {09E4322E-4685-4579-A914-52B7213EC21B}
	EndGlobalSection
EndGlobal
